
Microsoft Visual Studio Solution File, Format Version 12.00
# Visual Studio Version 17
VisualStudioVersion = 17.8.34511.84
MinimumVisualStudioVersion = 10.0.40219.1
Project("{FAE04EC0-301F-11D3-BF4B-00C04F79EFBC}") = "WPFSQL", "WPFSQL\WPFSQL.csproj", "{392FE73C-59B9-4997-889C-854BC0111880}"
EndProject
Global
	GlobalSection(SolutionConfigurationPlatforms) = preSolution
		Debug|Any CPU = Debug|Any CPU
		Release|Any CPU = Release|Any CPU
	EndGlobalSection
	GlobalSection(ProjectConfigurationPlatforms) = postSolution
		{392FE73C-59B9-4997-889C-854BC0111880}.Debug|Any CPU.ActiveCfg = Debug|Any CPU
		{392FE73C-59B9-4997-889C-854BC0111880}.Debug|Any CPU.Build.0 = Debug|Any CPU
		{392FE73C-59B9-4997-889C-854BC0111880}.Release|Any CPU.ActiveCfg = Release|Any CPU
		{392FE73C-59B9-4997-889C-854BC0111880}.Release|Any CPU.Build.0 = Release|Any CPU
	EndGlobalSection
	GlobalSection(SolutionProperties) = preSolution
		HideSolutionNode = FALSE
	EndGlobalSection
	GlobalSection(ExtensibilityGlobals) = postSolution
		SolutionGuid = {258B4632-5968-484E-BB52-833A459D3824}
	EndGlobalSection
EndGlobal
