
Microsoft Visual Studio Solution File, Format Version 12.00
# Visual Studio Version 16
VisualStudioVersion = 16.0.32802.440
MinimumVisualStudioVersion = 10.0.40219.1
Project("{FAE04EC0-301F-11D3-BF4B-00C04F79EFBC}") = "Bai12_P1", "Bai12_P1\Bai12_P1.csproj", "{EE81F37B-293F-4D5F-A8CC-017B0BABA531}"
EndProject
Global
	GlobalSection(SolutionConfigurationPlatforms) = preSolution
		Debug|Any CPU = Debug|Any CPU
		Release|Any CPU = Release|Any CPU
	EndGlobalSection
	GlobalSection(ProjectConfigurationPlatforms) = postSolution
		{EE81F37B-293F-4D5F-A8CC-017B0BABA531}.Debug|Any CPU.ActiveCfg = Debug|Any CPU
		{EE81F37B-293F-4D5F-A8CC-017B0BABA531}.Debug|Any CPU.Build.0 = Debug|Any CPU
		{EE81F37B-293F-4D5F-A8CC-017B0BABA531}.Release|Any CPU.ActiveCfg = Release|Any CPU
		{EE81F37B-293F-4D5F-A8CC-017B0BABA531}.Release|Any CPU.Build.0 = Release|Any CPU
	EndGlobalSection
	GlobalSection(SolutionProperties) = preSolution
		HideSolutionNode = FALSE
	EndGlobalSection
	GlobalSection(ExtensibilityGlobals) = postSolution
		SolutionGuid = {638018BB-A660-4361-8BE8-3F31BF451F86}
	EndGlobalSection
EndGlobal
