
Microsoft Visual Studio Solution File, Format Version 12.00
# Visual Studio Version 17
VisualStudioVersion = 17.8.34511.84
MinimumVisualStudioVersion = 10.0.40219.1
Project("{FAE04EC0-301F-11D3-BF4B-00C04F79EFBC}") = "WPFSQL2", "WPFSQL2\WPFSQL2.csproj", "{5092421D-47D9-4B82-9598-51D393323CE9}"
EndProject
Global
	GlobalSection(SolutionConfigurationPlatforms) = preSolution
		Debug|Any CPU = Debug|Any CPU
		Release|Any CPU = Release|Any CPU
	EndGlobalSection
	GlobalSection(ProjectConfigurationPlatforms) = postSolution
		{5092421D-47D9-4B82-9598-51D393323CE9}.Debug|Any CPU.ActiveCfg = Debug|Any CPU
		{5092421D-47D9-4B82-9598-51D393323CE9}.Debug|Any CPU.Build.0 = Debug|Any CPU
		{5092421D-47D9-4B82-9598-51D393323CE9}.Release|Any CPU.ActiveCfg = Release|Any CPU
		{5092421D-47D9-4B82-9598-51D393323CE9}.Release|Any CPU.Build.0 = Release|Any CPU
	EndGlobalSection
	GlobalSection(SolutionProperties) = preSolution
		HideSolutionNode = FALSE
	EndGlobalSection
	GlobalSection(ExtensibilityGlobals) = postSolution
		SolutionGuid = {12FB3310-BFFC-47A1-8FCD-D1856F302967}
	EndGlobalSection
EndGlobal
